// !$*UTF8*$!
{
	archiveVersion = 1;
	classes = {
	};
	objectVersion = 55;
	objects = {

/* Begin PBXBuildFile section */
		138B497729068E41008295A1 /* AppDelegate.swift in Sources */ = {isa = PBXBuildFile; fileRef = 138B497629068E41008295A1 /* AppDelegate.swift */; };
		138B497929068E41008295A1 /* SceneDelegate.swift in Sources */ = {isa = PBXBuildFile; fileRef = 138B497829068E41008295A1 /* SceneDelegate.swift */; };
		138B497B29068E41008295A1 /* ItemsViewController.swift in Sources */ = {isa = PBXBuildFile; fileRef = 138B497A29068E41008295A1 /* ItemsViewController.swift */; };
		138B498029068E43008295A1 /* Assets.xcassets in Resources */ = {isa = PBXBuildFile; fileRef = 138B497F29068E43008295A1 /* Assets.xcassets */; };
		138B498329068E43008295A1 /* LaunchScreen.storyboard in Resources */ = {isa = PBXBuildFile; fileRef = 138B498129068E43008295A1 /* LaunchScreen.storyboard */; };
		138B499829068E43008295A1 /* Toast_CatalogUITests.swift in Sources */ = {isa = PBXBuildFile; fileRef = 138B499729068E43008295A1 /* Toast_CatalogUITests.swift */; };
		138B499A29068E43008295A1 /* Toast_CatalogUITestsLaunchTests.swift in Sources */ = {isa = PBXBuildFile; fileRef = 138B499929068E43008295A1 /* Toast_CatalogUITestsLaunchTests.swift */; };
		138B49AD29069997008295A1 /* Item.swift in Sources */ = {isa = PBXBuildFile; fileRef = 138B49AC29069997008295A1 /* Item.swift */; };
		138B49B32906BB6B008295A1 /* ToastCatalogAdapter.swift in Sources */ = {isa = PBXBuildFile; fileRef = 138B49B22906BB6B008295A1 /* ToastCatalogAdapter.swift */; };
		7B45607B2A378F5100798505 /* HTTPClient.swift in Sources */ = {isa = PBXBuildFile; fileRef = 7B45607A2A378F5100798505 /* HTTPClient.swift */; };
		7B45607D2A378FB400798505 /* RequestError.swift in Sources */ = {isa = PBXBuildFile; fileRef = 7B45607C2A378FB400798505 /* RequestError.swift */; };
		7B4560862A3791C600798505 /* Endpoint.swift in Sources */ = {isa = PBXBuildFile; fileRef = 7B4560852A3791C600798505 /* Endpoint.swift */; };
		7B4560882A37920000798505 /* RequestMethod.swift in Sources */ = {isa = PBXBuildFile; fileRef = 7B4560872A37920000798505 /* RequestMethod.swift */; };
		7B45608A2A37926600798505 /* DateFormatter+Extension.swift in Sources */ = {isa = PBXBuildFile; fileRef = 7B4560892A37926600798505 /* DateFormatter+Extension.swift */; };
		7B45608D2A379E6A00798505 /* ToastCatalogEndpointTypePath.swift in Sources */ = {isa = PBXBuildFile; fileRef = 7B45608C2A379E6A00798505 /* ToastCatalogEndpointTypePath.swift */; };
		7B4560922A37A9FF00798505 /* Locale+Extension.swift in Sources */ = {isa = PBXBuildFile; fileRef = 7B4560912A37A9FF00798505 /* Locale+Extension.swift */; };
		7B4560952A37B0BB00798505 /* ToastCatalogPresenterProtocol.swift in Sources */ = {isa = PBXBuildFile; fileRef = 7B4560942A37B0BB00798505 /* ToastCatalogPresenterProtocol.swift */; };
		7B4560982A37B0F400798505 /* ToastCatalogPresenter.swift in Sources */ = {isa = PBXBuildFile; fileRef = 7B4560972A37B0F400798505 /* ToastCatalogPresenter.swift */; };
		7B45609A2A37B16100798505 /* ToastItemViewModel.swift in Sources */ = {isa = PBXBuildFile; fileRef = 7B4560992A37B16100798505 /* ToastItemViewModel.swift */; };
		7B45609C2A37B65200798505 /* String+Extension.swift in Sources */ = {isa = PBXBuildFile; fileRef = 7B45609B2A37B65200798505 /* String+Extension.swift */; };
		7B49B4D22A39D86A0062670F /* ImageRepository.swift in Sources */ = {isa = PBXBuildFile; fileRef = 7B49B4D12A39D86A0062670F /* ImageRepository.swift */; };
		7B49B4DD2A3BF7050062670F /* GenericTableViewCell.swift in Sources */ = {isa = PBXBuildFile; fileRef = 7B49B4DC2A3BF7050062670F /* GenericTableViewCell.swift */; };
		7B49B4E12A3C22DE0062670F /* CellBuilder.swift in Sources */ = {isa = PBXBuildFile; fileRef = 7B49B4E02A3C22DE0062670F /* CellBuilder.swift */; };
		7B49B4E52A3C248E0062670F /* ToastItemViewModelProtocol.swift in Sources */ = {isa = PBXBuildFile; fileRef = 7B49B4E42A3C248E0062670F /* ToastItemViewModelProtocol.swift */; };
		7B49B4E82A3C25B70062670F /* ToastViewModelMapper.swift in Sources */ = {isa = PBXBuildFile; fileRef = 7B49B4E72A3C25B70062670F /* ToastViewModelMapper.swift */; };
		7B49B4EB2A3C28AB0062670F /* CustomCellBuilderTests.swift in Sources */ = {isa = PBXBuildFile; fileRef = 7B49B4EA2A3C28AB0062670F /* CustomCellBuilderTests.swift */; };
		7B49B4EE2A3C2A710062670F /* HTTPClientTests.swift in Sources */ = {isa = PBXBuildFile; fileRef = 7B49B4ED2A3C2A710062670F /* HTTPClientTests.swift */; };
		7B49B4F02A3C2F360062670F /* HTTPMock.swift in Sources */ = {isa = PBXBuildFile; fileRef = 7B49B4EF2A3C2F360062670F /* HTTPMock.swift */; };
		7B49B4F32A3C2FD10062670F /* DateFormatterTests.swift in Sources */ = {isa = PBXBuildFile; fileRef = 7B49B4F22A3C2FD10062670F /* DateFormatterTests.swift */; };
		7B49B4F62A3C32050062670F /* CustomTableViewCell.swift in Sources */ = {isa = PBXBuildFile; fileRef = 7B49B4F52A3C32050062670F /* CustomTableViewCell.swift */; };
		7B49B4FA2A3C35A70062670F /* ToastCatalogPresenterTests.swift in Sources */ = {isa = PBXBuildFile; fileRef = 7B49B4F92A3C35A70062670F /* ToastCatalogPresenterTests.swift */; };
		7B49B4FD2A3C36C90062670F /* ToastViewModelMapperTests.swift in Sources */ = {isa = PBXBuildFile; fileRef = 7B49B4FC2A3C36C90062670F /* ToastViewModelMapperTests.swift */; };
		7B49B4FF2A3C373B0062670F /* ItemsViewControllerTests.swift in Sources */ = {isa = PBXBuildFile; fileRef = 7B49B4FE2A3C373B0062670F /* ItemsViewControllerTests.swift */; };
		7B49B5032A3C3D280062670F /* MockToastCatalogService.swift in Sources */ = {isa = PBXBuildFile; fileRef = 7B49B5022A3C3D280062670F /* MockToastCatalogService.swift */; };
/* End PBXBuildFile section */

/* Begin PBXContainerItemProxy section */
		138B498A29068E43008295A1 /* PBXContainerItemProxy */ = {
			isa = PBXContainerItemProxy;
			containerPortal = 138B496B29068E41008295A1 /* Project object */;
			proxyType = 1;
			remoteGlobalIDString = 138B497229068E41008295A1;
			remoteInfo = "Toast Catalog";
		};
		138B499429068E43008295A1 /* PBXContainerItemProxy */ = {
			isa = PBXContainerItemProxy;
			containerPortal = 138B496B29068E41008295A1 /* Project object */;
			proxyType = 1;
			remoteGlobalIDString = 138B497229068E41008295A1;
			remoteInfo = "Toast Catalog";
		};
/* End PBXContainerItemProxy section */

/* Begin PBXFileReference section */
		138B497329068E41008295A1 /* Toast Catalog.app */ = {isa = PBXFileReference; explicitFileType = wrapper.application; includeInIndex = 0; path = "Toast Catalog.app"; sourceTree = BUILT_PRODUCTS_DIR; };
		138B497629068E41008295A1 /* AppDelegate.swift */ = {isa = PBXFileReference; lastKnownFileType = sourcecode.swift; path = AppDelegate.swift; sourceTree = "<group>"; };
		138B497829068E41008295A1 /* SceneDelegate.swift */ = {isa = PBXFileReference; lastKnownFileType = sourcecode.swift; path = SceneDelegate.swift; sourceTree = "<group>"; };
		138B497A29068E41008295A1 /* ItemsViewController.swift */ = {isa = PBXFileReference; lastKnownFileType = sourcecode.swift; path = ItemsViewController.swift; sourceTree = "<group>"; };
		138B497F29068E43008295A1 /* Assets.xcassets */ = {isa = PBXFileReference; lastKnownFileType = folder.assetcatalog; path = Assets.xcassets; sourceTree = "<group>"; };
		138B498229068E43008295A1 /* Base */ = {isa = PBXFileReference; lastKnownFileType = file.storyboard; name = Base; path = Base.lproj/LaunchScreen.storyboard; sourceTree = "<group>"; };
		138B498429068E43008295A1 /* Info.plist */ = {isa = PBXFileReference; lastKnownFileType = text.plist.xml; path = Info.plist; sourceTree = "<group>"; };
		138B498929068E43008295A1 /* Toast CatalogTests.xctest */ = {isa = PBXFileReference; explicitFileType = wrapper.cfbundle; includeInIndex = 0; path = "Toast CatalogTests.xctest"; sourceTree = BUILT_PRODUCTS_DIR; };
		138B499329068E43008295A1 /* Toast CatalogUITests.xctest */ = {isa = PBXFileReference; explicitFileType = wrapper.cfbundle; includeInIndex = 0; path = "Toast CatalogUITests.xctest"; sourceTree = BUILT_PRODUCTS_DIR; };
		138B499729068E43008295A1 /* Toast_CatalogUITests.swift */ = {isa = PBXFileReference; lastKnownFileType = sourcecode.swift; path = Toast_CatalogUITests.swift; sourceTree = "<group>"; };
		138B499929068E43008295A1 /* Toast_CatalogUITestsLaunchTests.swift */ = {isa = PBXFileReference; lastKnownFileType = sourcecode.swift; path = Toast_CatalogUITestsLaunchTests.swift; sourceTree = "<group>"; };
		138B49AC29069997008295A1 /* Item.swift */ = {isa = PBXFileReference; lastKnownFileType = sourcecode.swift; path = Item.swift; sourceTree = "<group>"; };
		138B49B22906BB6B008295A1 /* ToastCatalogAdapter.swift */ = {isa = PBXFileReference; lastKnownFileType = sourcecode.swift; path = ToastCatalogAdapter.swift; sourceTree = "<group>"; };
		7B45607A2A378F5100798505 /* HTTPClient.swift */ = {isa = PBXFileReference; lastKnownFileType = sourcecode.swift; path = HTTPClient.swift; sourceTree = "<group>"; };
		7B45607C2A378FB400798505 /* RequestError.swift */ = {isa = PBXFileReference; lastKnownFileType = sourcecode.swift; path = RequestError.swift; sourceTree = "<group>"; };
		7B4560852A3791C600798505 /* Endpoint.swift */ = {isa = PBXFileReference; lastKnownFileType = sourcecode.swift; path = Endpoint.swift; sourceTree = "<group>"; };
		7B4560872A37920000798505 /* RequestMethod.swift */ = {isa = PBXFileReference; lastKnownFileType = sourcecode.swift; path = RequestMethod.swift; sourceTree = "<group>"; };
		7B4560892A37926600798505 /* DateFormatter+Extension.swift */ = {isa = PBXFileReference; lastKnownFileType = sourcecode.swift; path = "DateFormatter+Extension.swift"; sourceTree = "<group>"; };
		7B45608C2A379E6A00798505 /* ToastCatalogEndpointTypePath.swift */ = {isa = PBXFileReference; lastKnownFileType = sourcecode.swift; path = ToastCatalogEndpointTypePath.swift; sourceTree = "<group>"; };
		7B4560912A37A9FF00798505 /* Locale+Extension.swift */ = {isa = PBXFileReference; lastKnownFileType = sourcecode.swift; path = "Locale+Extension.swift"; sourceTree = "<group>"; };
		7B4560942A37B0BB00798505 /* ToastCatalogPresenterProtocol.swift */ = {isa = PBXFileReference; lastKnownFileType = sourcecode.swift; path = ToastCatalogPresenterProtocol.swift; sourceTree = "<group>"; };
		7B4560972A37B0F400798505 /* ToastCatalogPresenter.swift */ = {isa = PBXFileReference; lastKnownFileType = sourcecode.swift; path = ToastCatalogPresenter.swift; sourceTree = "<group>"; };
		7B4560992A37B16100798505 /* ToastItemViewModel.swift */ = {isa = PBXFileReference; lastKnownFileType = sourcecode.swift; path = ToastItemViewModel.swift; sourceTree = "<group>"; };
		7B45609B2A37B65200798505 /* String+Extension.swift */ = {isa = PBXFileReference; lastKnownFileType = sourcecode.swift; path = "String+Extension.swift"; sourceTree = "<group>"; };
		7B49B4D12A39D86A0062670F /* ImageRepository.swift */ = {isa = PBXFileReference; lastKnownFileType = sourcecode.swift; path = ImageRepository.swift; sourceTree = "<group>"; };
		7B49B4DC2A3BF7050062670F /* GenericTableViewCell.swift */ = {isa = PBXFileReference; lastKnownFileType = sourcecode.swift; path = GenericTableViewCell.swift; sourceTree = "<group>"; };
		7B49B4E02A3C22DE0062670F /* CellBuilder.swift */ = {isa = PBXFileReference; lastKnownFileType = sourcecode.swift; path = CellBuilder.swift; sourceTree = "<group>"; };
		7B49B4E42A3C248E0062670F /* ToastItemViewModelProtocol.swift */ = {isa = PBXFileReference; lastKnownFileType = sourcecode.swift; path = ToastItemViewModelProtocol.swift; sourceTree = "<group>"; };
		7B49B4E72A3C25B70062670F /* ToastViewModelMapper.swift */ = {isa = PBXFileReference; lastKnownFileType = sourcecode.swift; path = ToastViewModelMapper.swift; sourceTree = "<group>"; };
		7B49B4EA2A3C28AB0062670F /* CustomCellBuilderTests.swift */ = {isa = PBXFileReference; lastKnownFileType = sourcecode.swift; path = CustomCellBuilderTests.swift; sourceTree = "<group>"; };
		7B49B4ED2A3C2A710062670F /* HTTPClientTests.swift */ = {isa = PBXFileReference; lastKnownFileType = sourcecode.swift; path = HTTPClientTests.swift; sourceTree = "<group>"; };
		7B49B4EF2A3C2F360062670F /* HTTPMock.swift */ = {isa = PBXFileReference; lastKnownFileType = sourcecode.swift; path = HTTPMock.swift; sourceTree = "<group>"; };
		7B49B4F22A3C2FD10062670F /* DateFormatterTests.swift */ = {isa = PBXFileReference; lastKnownFileType = sourcecode.swift; path = DateFormatterTests.swift; sourceTree = "<group>"; };
		7B49B4F52A3C32050062670F /* CustomTableViewCell.swift */ = {isa = PBXFileReference; lastKnownFileType = sourcecode.swift; path = CustomTableViewCell.swift; sourceTree = "<group>"; };
		7B49B4F92A3C35A70062670F /* ToastCatalogPresenterTests.swift */ = {isa = PBXFileReference; lastKnownFileType = sourcecode.swift; path = ToastCatalogPresenterTests.swift; sourceTree = "<group>"; };
		7B49B4FC2A3C36C90062670F /* ToastViewModelMapperTests.swift */ = {isa = PBXFileReference; lastKnownFileType = sourcecode.swift; path = ToastViewModelMapperTests.swift; sourceTree = "<group>"; };
		7B49B4FE2A3C373B0062670F /* ItemsViewControllerTests.swift */ = {isa = PBXFileReference; lastKnownFileType = sourcecode.swift; path = ItemsViewControllerTests.swift; sourceTree = "<group>"; };
		7B49B5022A3C3D280062670F /* MockToastCatalogService.swift */ = {isa = PBXFileReference; lastKnownFileType = sourcecode.swift; path = MockToastCatalogService.swift; sourceTree = "<group>"; };
/* End PBXFileReference section */

/* Begin PBXFrameworksBuildPhase section */
		138B497029068E41008295A1 /* Frameworks */ = {
			isa = PBXFrameworksBuildPhase;
			buildActionMask = 2147483647;
			files = (
			);
			runOnlyForDeploymentPostprocessing = 0;
		};
		138B498629068E43008295A1 /* Frameworks */ = {
			isa = PBXFrameworksBuildPhase;
			buildActionMask = 2147483647;
			files = (
			);
			runOnlyForDeploymentPostprocessing = 0;
		};
		138B499029068E43008295A1 /* Frameworks */ = {
			isa = PBXFrameworksBuildPhase;
			buildActionMask = 2147483647;
			files = (
			);
			runOnlyForDeploymentPostprocessing = 0;
		};
/* End PBXFrameworksBuildPhase section */

/* Begin PBXGroup section */
		138B496A29068E41008295A1 = {
			isa = PBXGroup;
			children = (
				138B497529068E41008295A1 /* Toast Catalog */,
				138B498C29068E43008295A1 /* Toast CatalogTests */,
				138B499629068E43008295A1 /* Toast CatalogUITests */,
				138B497429068E41008295A1 /* Products */,
			);
			sourceTree = "<group>";
		};
		138B497429068E41008295A1 /* Products */ = {
			isa = PBXGroup;
			children = (
				138B497329068E41008295A1 /* Toast Catalog.app */,
				138B498929068E43008295A1 /* Toast CatalogTests.xctest */,
				138B499329068E43008295A1 /* Toast CatalogUITests.xctest */,
			);
			name = Products;
			sourceTree = "<group>";
		};
		138B497529068E41008295A1 /* Toast Catalog */ = {
			isa = PBXGroup;
			children = (
				138B497629068E41008295A1 /* AppDelegate.swift */,
				138B497829068E41008295A1 /* SceneDelegate.swift */,
				7B4560842A3791AF00798505 /* Data */,
				7B4560782A378F0600798505 /* HTTPNetwork */,
				7B4560752A378EAA00798505 /* Domain */,
				7B45608E2A37A9B800798505 /* Scenes */,
				138B497F29068E43008295A1 /* Assets.xcassets */,
				138B498129068E43008295A1 /* LaunchScreen.storyboard */,
				138B498429068E43008295A1 /* Info.plist */,
			);
			path = "Toast Catalog";
			sourceTree = "<group>";
		};
		138B498C29068E43008295A1 /* Toast CatalogTests */ = {
			isa = PBXGroup;
			children = (
				7BE241D52A3C40AD001253A6 /* Data */,
				7B49B4FB2A3C36C10062670F /* Mapper */,
				7B49B4F82A3C35940062670F /* Presenter */,
				7B49B4F42A3C31E80062670F /* CustomCell */,
				7B49B4F72A3C357A0062670F /* Scenes */,
				7B49B4EC2A3C2A5E0062670F /* HTTPClientTests */,
			);
			path = "Toast CatalogTests";
			sourceTree = "<group>";
		};
		138B499629068E43008295A1 /* Toast CatalogUITests */ = {
			isa = PBXGroup;
			children = (
				138B499729068E43008295A1 /* Toast_CatalogUITests.swift */,
				138B499929068E43008295A1 /* Toast_CatalogUITestsLaunchTests.swift */,
			);
			path = "Toast CatalogUITests";
			sourceTree = "<group>";
		};
		7B4560752A378EAA00798505 /* Domain */ = {
			isa = PBXGroup;
			children = (
				7B4560762A378ECC00798505 /* ToastCatalog */,
			);
			path = Domain;
			sourceTree = "<group>";
		};
		7B4560762A378ECC00798505 /* ToastCatalog */ = {
			isa = PBXGroup;
			children = (
				138B49AC29069997008295A1 /* Item.swift */,
			);
			path = ToastCatalog;
			sourceTree = "<group>";
		};
		7B4560782A378F0600798505 /* HTTPNetwork */ = {
			isa = PBXGroup;
			children = (
				7B45608B2A37926E00798505 /* Helpers */,
				7B45607A2A378F5100798505 /* HTTPClient.swift */,
				7B4560852A3791C600798505 /* Endpoint.swift */,
				7B45607C2A378FB400798505 /* RequestError.swift */,
				7B4560872A37920000798505 /* RequestMethod.swift */,
			);
			path = HTTPNetwork;
			sourceTree = "<group>";
		};
		7B4560842A3791AF00798505 /* Data */ = {
			isa = PBXGroup;
			children = (
				138B49B22906BB6B008295A1 /* ToastCatalogAdapter.swift */,
				7B45608C2A379E6A00798505 /* ToastCatalogEndpointTypePath.swift */,
			);
			path = Data;
			sourceTree = "<group>";
		};
		7B45608B2A37926E00798505 /* Helpers */ = {
			isa = PBXGroup;
			children = (
				7B4560892A37926600798505 /* DateFormatter+Extension.swift */,
			);
			path = Helpers;
			sourceTree = "<group>";
		};
		7B45608E2A37A9B800798505 /* Scenes */ = {
			isa = PBXGroup;
			children = (
				7B4560932A37B0A500798505 /* Presenter */,
				7B45608F2A37A9BC00798505 /* ToastItemViewModel */,
				7B49B4D92A3BF5BA0062670F /* View */,
			);
			path = Scenes;
			sourceTree = "<group>";
		};
		7B45608F2A37A9BC00798505 /* ToastItemViewModel */ = {
			isa = PBXGroup;
			children = (
				7B49B4E32A3C24810062670F /* Protocols */,
				7B4560902A37A9D900798505 /* Helper */,
				7B4560992A37B16100798505 /* ToastItemViewModel.swift */,
			);
			path = ToastItemViewModel;
			sourceTree = "<group>";
		};
		7B4560902A37A9D900798505 /* Helper */ = {
			isa = PBXGroup;
			children = (
				7B49B4D12A39D86A0062670F /* ImageRepository.swift */,
				7B4560912A37A9FF00798505 /* Locale+Extension.swift */,
				7B45609B2A37B65200798505 /* String+Extension.swift */,
			);
			path = Helper;
			sourceTree = "<group>";
		};
		7B4560932A37B0A500798505 /* Presenter */ = {
			isa = PBXGroup;
			children = (
				7B49B4E62A3C25A70062670F /* Mapper */,
				7B4560962A37B0CD00798505 /* Protocols */,
				7B4560972A37B0F400798505 /* ToastCatalogPresenter.swift */,
			);
			path = Presenter;
			sourceTree = "<group>";
		};
		7B4560962A37B0CD00798505 /* Protocols */ = {
			isa = PBXGroup;
			children = (
				7B4560942A37B0BB00798505 /* ToastCatalogPresenterProtocol.swift */,
			);
			path = Protocols;
			sourceTree = "<group>";
		};
		7B49B4D92A3BF5BA0062670F /* View */ = {
			isa = PBXGroup;
			children = (
				7B49B4DE2A3C22AA0062670F /* Components */,
				138B497A29068E41008295A1 /* ItemsViewController.swift */,
			);
			path = View;
			sourceTree = "<group>";
		};
		7B49B4DE2A3C22AA0062670F /* Components */ = {
			isa = PBXGroup;
			children = (
				7B49B4DF2A3C22C70062670F /* Builder */,
				7B49B4DC2A3BF7050062670F /* GenericTableViewCell.swift */,
			);
			path = Components;
			sourceTree = "<group>";
		};
		7B49B4DF2A3C22C70062670F /* Builder */ = {
			isa = PBXGroup;
			children = (
				7B49B4E02A3C22DE0062670F /* CellBuilder.swift */,
			);
			path = Builder;
			sourceTree = "<group>";
		};
		7B49B4E32A3C24810062670F /* Protocols */ = {
			isa = PBXGroup;
			children = (
				7B49B4E42A3C248E0062670F /* ToastItemViewModelProtocol.swift */,
			);
			path = Protocols;
			sourceTree = "<group>";
		};
		7B49B4E62A3C25A70062670F /* Mapper */ = {
			isa = PBXGroup;
			children = (
				7B49B4E72A3C25B70062670F /* ToastViewModelMapper.swift */,
			);
			path = Mapper;
			sourceTree = "<group>";
		};
		7B49B4E92A3C28830062670F /* CellBuilders */ = {
			isa = PBXGroup;
			children = (
				7B49B4EA2A3C28AB0062670F /* CustomCellBuilderTests.swift */,
			);
			path = CellBuilders;
			sourceTree = "<group>";
		};
		7B49B4EC2A3C2A5E0062670F /* HTTPClientTests */ = {
			isa = PBXGroup;
			children = (
				7B49B4F12A3C2FB10062670F /* HelpersTests */,
				7B49B4ED2A3C2A710062670F /* HTTPClientTests.swift */,
				7B49B4EF2A3C2F360062670F /* HTTPMock.swift */,
			);
			path = HTTPClientTests;
			sourceTree = "<group>";
		};
		7B49B4F12A3C2FB10062670F /* HelpersTests */ = {
			isa = PBXGroup;
			children = (
				7B49B4F22A3C2FD10062670F /* DateFormatterTests.swift */,
			);
			path = HelpersTests;
			sourceTree = "<group>";
		};
		7B49B4F42A3C31E80062670F /* CustomCell */ = {
			isa = PBXGroup;
			children = (
				7B49B4E92A3C28830062670F /* CellBuilders */,
				7B49B4F52A3C32050062670F /* CustomTableViewCell.swift */,
			);
			path = CustomCell;
			sourceTree = "<group>";
		};
		7B49B4F72A3C357A0062670F /* Scenes */ = {
			isa = PBXGroup;
			children = (
				7B49B4FE2A3C373B0062670F /* ItemsViewControllerTests.swift */,
			);
			path = Scenes;
			sourceTree = "<group>";
		};
		7B49B4F82A3C35940062670F /* Presenter */ = {
			isa = PBXGroup;
			children = (
				7B49B4F92A3C35A70062670F /* ToastCatalogPresenterTests.swift */,
				7B49B5022A3C3D280062670F /* MockToastCatalogService.swift */,
			);
			path = Presenter;
			sourceTree = "<group>";
		};
		7B49B4FB2A3C36C10062670F /* Mapper */ = {
			isa = PBXGroup;
			children = (
				7B49B4FC2A3C36C90062670F /* ToastViewModelMapperTests.swift */,
			);
			path = Mapper;
			sourceTree = "<group>";
		};
		7BE241D52A3C40AD001253A6 /* Data */ = {
			isa = PBXGroup;
			children = (
			);
			path = Data;
			sourceTree = "<group>";
		};
/* End PBXGroup section */

/* Begin PBXNativeTarget section */
		138B497229068E41008295A1 /* Toast Catalog */ = {
			isa = PBXNativeTarget;
			buildConfigurationList = 138B499D29068E43008295A1 /* Build configuration list for PBXNativeTarget "Toast Catalog" */;
			buildPhases = (
				138B496F29068E41008295A1 /* Sources */,
				138B497029068E41008295A1 /* Frameworks */,
				138B497129068E41008295A1 /* Resources */,
			);
			buildRules = (
			);
			dependencies = (
			);
			name = "Toast Catalog";
			productName = "Toast Catalog";
			productReference = 138B497329068E41008295A1 /* Toast Catalog.app */;
			productType = "com.apple.product-type.application";
		};
		138B498829068E43008295A1 /* Toast CatalogTests */ = {
			isa = PBXNativeTarget;
			buildConfigurationList = 138B49A029068E43008295A1 /* Build configuration list for PBXNativeTarget "Toast CatalogTests" */;
			buildPhases = (
				138B498529068E43008295A1 /* Sources */,
				138B498629068E43008295A1 /* Frameworks */,
				138B498729068E43008295A1 /* Resources */,
			);
			buildRules = (
			);
			dependencies = (
				138B498B29068E43008295A1 /* PBXTargetDependency */,
			);
			name = "Toast CatalogTests";
			productName = "Toast CatalogTests";
			productReference = 138B498929068E43008295A1 /* Toast CatalogTests.xctest */;
			productType = "com.apple.product-type.bundle.unit-test";
		};
		138B499229068E43008295A1 /* Toast CatalogUITests */ = {
			isa = PBXNativeTarget;
			buildConfigurationList = 138B49A329068E43008295A1 /* Build configuration list for PBXNativeTarget "Toast CatalogUITests" */;
			buildPhases = (
				138B498F29068E43008295A1 /* Sources */,
				138B499029068E43008295A1 /* Frameworks */,
				138B499129068E43008295A1 /* Resources */,
			);
			buildRules = (
			);
			dependencies = (
				138B499529068E43008295A1 /* PBXTargetDependency */,
			);
			name = "Toast CatalogUITests";
			productName = "Toast CatalogUITests";
			productReference = 138B499329068E43008295A1 /* Toast CatalogUITests.xctest */;
			productType = "com.apple.product-type.bundle.ui-testing";
		};
/* End PBXNativeTarget section */

/* Begin PBXProject section */
		138B496B29068E41008295A1 /* Project object */ = {
			isa = PBXProject;
			attributes = {
				BuildIndependentTargetsInParallel = 1;
				LastSwiftUpdateCheck = 1340;
				LastUpgradeCheck = 1340;
				TargetAttributes = {
					138B497229068E41008295A1 = {
						CreatedOnToolsVersion = 13.4.1;
						LastSwiftMigration = 1340;
					};
					138B498829068E43008295A1 = {
						CreatedOnToolsVersion = 13.4.1;
						LastSwiftMigration = 1340;
						TestTargetID = 138B497229068E41008295A1;
					};
					138B499229068E43008295A1 = {
						CreatedOnToolsVersion = 13.4.1;
						TestTargetID = 138B497229068E41008295A1;
					};
				};
			};
			buildConfigurationList = 138B496E29068E41008295A1 /* Build configuration list for PBXProject "Toast Catalog" */;
			compatibilityVersion = "Xcode 13.0";
			developmentRegion = en;
			hasScannedForEncodings = 0;
			knownRegions = (
				en,
				Base,
			);
			mainGroup = 138B496A29068E41008295A1;
			productRefGroup = 138B497429068E41008295A1 /* Products */;
			projectDirPath = "";
			projectRoot = "";
			targets = (
				138B497229068E41008295A1 /* Toast Catalog */,
				138B498829068E43008295A1 /* Toast CatalogTests */,
				138B499229068E43008295A1 /* Toast CatalogUITests */,
			);
		};
/* End PBXProject section */

/* Begin PBXResourcesBuildPhase section */
		138B497129068E41008295A1 /* Resources */ = {
			isa = PBXResourcesBuildPhase;
			buildActionMask = 2147483647;
			files = (
				138B498329068E43008295A1 /* LaunchScreen.storyboard in Resources */,
				138B498029068E43008295A1 /* Assets.xcassets in Resources */,
			);
			runOnlyForDeploymentPostprocessing = 0;
		};
		138B498729068E43008295A1 /* Resources */ = {
			isa = PBXResourcesBuildPhase;
			buildActionMask = 2147483647;
			files = (
			);
			runOnlyForDeploymentPostprocessing = 0;
		};
		138B499129068E43008295A1 /* Resources */ = {
			isa = PBXResourcesBuildPhase;
			buildActionMask = 2147483647;
			files = (
			);
			runOnlyForDeploymentPostprocessing = 0;
		};
/* End PBXResourcesBuildPhase section */

/* Begin PBXSourcesBuildPhase section */
		138B496F29068E41008295A1 /* Sources */ = {
			isa = PBXSourcesBuildPhase;
			buildActionMask = 2147483647;
			files = (
				7B49B4E82A3C25B70062670F /* ToastViewModelMapper.swift in Sources */,
				138B49AD29069997008295A1 /* Item.swift in Sources */,
				7B45608A2A37926600798505 /* DateFormatter+Extension.swift in Sources */,
				7B4560922A37A9FF00798505 /* Locale+Extension.swift in Sources */,
				7B4560982A37B0F400798505 /* ToastCatalogPresenter.swift in Sources */,
				7B45607B2A378F5100798505 /* HTTPClient.swift in Sources */,
				138B497B29068E41008295A1 /* ItemsViewController.swift in Sources */,
				7B4560862A3791C600798505 /* Endpoint.swift in Sources */,
				7B4560882A37920000798505 /* RequestMethod.swift in Sources */,
				7B49B4E12A3C22DE0062670F /* CellBuilder.swift in Sources */,
				7B45609A2A37B16100798505 /* ToastItemViewModel.swift in Sources */,
				7B49B4E52A3C248E0062670F /* ToastItemViewModelProtocol.swift in Sources */,
				7B45609C2A37B65200798505 /* String+Extension.swift in Sources */,
				138B49B32906BB6B008295A1 /* ToastCatalogAdapter.swift in Sources */,
				7B4560952A37B0BB00798505 /* ToastCatalogPresenterProtocol.swift in Sources */,
				7B49B4DD2A3BF7050062670F /* GenericTableViewCell.swift in Sources */,
				138B497729068E41008295A1 /* AppDelegate.swift in Sources */,
				138B497929068E41008295A1 /* SceneDelegate.swift in Sources */,
				7B45607D2A378FB400798505 /* RequestError.swift in Sources */,
				7B45608D2A379E6A00798505 /* ToastCatalogEndpointTypePath.swift in Sources */,
				7B49B4D22A39D86A0062670F /* ImageRepository.swift in Sources */,
			);
			runOnlyForDeploymentPostprocessing = 0;
		};
		138B498529068E43008295A1 /* Sources */ = {
			isa = PBXSourcesBuildPhase;
			buildActionMask = 2147483647;
			files = (
				7B49B4F02A3C2F360062670F /* HTTPMock.swift in Sources */,
				7B49B5032A3C3D280062670F /* MockToastCatalogService.swift in Sources */,
				7B49B4F62A3C32050062670F /* CustomTableViewCell.swift in Sources */,
				7B49B4FA2A3C35A70062670F /* ToastCatalogPresenterTests.swift in Sources */,
				7B49B4FD2A3C36C90062670F /* ToastViewModelMapperTests.swift in Sources */,
				7B49B4EB2A3C28AB0062670F /* CustomCellBuilderTests.swift in Sources */,
				7B49B4FF2A3C373B0062670F /* ItemsViewControllerTests.swift in Sources */,
				7B49B4EE2A3C2A710062670F /* HTTPClientTests.swift in Sources */,
				7B49B4F32A3C2FD10062670F /* DateFormatterTests.swift in Sources */,
			);
			runOnlyForDeploymentPostprocessing = 0;
		};
		138B498F29068E43008295A1 /* Sources */ = {
			isa = PBXSourcesBuildPhase;
			buildActionMask = 2147483647;
			files = (
				138B499A29068E43008295A1 /* Toast_CatalogUITestsLaunchTests.swift in Sources */,
				138B499829068E43008295A1 /* Toast_CatalogUITests.swift in Sources */,
			);
			runOnlyForDeploymentPostprocessing = 0;
		};
/* End PBXSourcesBuildPhase section */

/* Begin PBXTargetDependency section */
		138B498B29068E43008295A1 /* PBXTargetDependency */ = {
			isa = PBXTargetDependency;
			target = 138B497229068E41008295A1 /* Toast Catalog */;
			targetProxy = 138B498A29068E43008295A1 /* PBXContainerItemProxy */;
		};
		138B499529068E43008295A1 /* PBXTargetDependency */ = {
			isa = PBXTargetDependency;
			target = 138B497229068E41008295A1 /* Toast Catalog */;
			targetProxy = 138B499429068E43008295A1 /* PBXContainerItemProxy */;
		};
/* End PBXTargetDependency section */

/* Begin PBXVariantGroup section */
		138B498129068E43008295A1 /* LaunchScreen.storyboard */ = {
			isa = PBXVariantGroup;
			children = (
				138B498229068E43008295A1 /* Base */,
			);
			name = LaunchScreen.storyboard;
			sourceTree = "<group>";
		};
/* End PBXVariantGroup section */

/* Begin XCBuildConfiguration section */
		138B499B29068E43008295A1 /* Debug */ = {
			isa = XCBuildConfiguration;
			buildSettings = {
				ALWAYS_SEARCH_USER_PATHS = NO;
				CLANG_ANALYZER_NONNULL = YES;
				CLANG_ANALYZER_NUMBER_OBJECT_CONVERSION = YES_AGGRESSIVE;
				CLANG_CXX_LANGUAGE_STANDARD = "gnu++17";
				CLANG_ENABLE_MODULES = YES;
				CLANG_ENABLE_OBJC_ARC = YES;
				CLANG_ENABLE_OBJC_WEAK = YES;
				CLANG_WARN_BLOCK_CAPTURE_AUTORELEASING = YES;
				CLANG_WARN_BOOL_CONVERSION = YES;
				CLANG_WARN_COMMA = YES;
				CLANG_WARN_CONSTANT_CONVERSION = YES;
				CLANG_WARN_DEPRECATED_OBJC_IMPLEMENTATIONS = YES;
				CLANG_WARN_DIRECT_OBJC_ISA_USAGE = YES_ERROR;
				CLANG_WARN_DOCUMENTATION_COMMENTS = YES;
				CLANG_WARN_EMPTY_BODY = YES;
				CLANG_WARN_ENUM_CONVERSION = YES;
				CLANG_WARN_INFINITE_RECURSION = YES;
				CLANG_WARN_INT_CONVERSION = YES;
				CLANG_WARN_NON_LITERAL_NULL_CONVERSION = YES;
				CLANG_WARN_OBJC_IMPLICIT_RETAIN_SELF = YES;
				CLANG_WARN_OBJC_LITERAL_CONVERSION = YES;
				CLANG_WARN_OBJC_ROOT_CLASS = YES_ERROR;
				CLANG_WARN_QUOTED_INCLUDE_IN_FRAMEWORK_HEADER = YES;
				CLANG_WARN_RANGE_LOOP_ANALYSIS = YES;
				CLANG_WARN_STRICT_PROTOTYPES = YES;
				CLANG_WARN_SUSPICIOUS_MOVE = YES;
				CLANG_WARN_UNGUARDED_AVAILABILITY = YES_AGGRESSIVE;
				CLANG_WARN_UNREACHABLE_CODE = YES;
				CLANG_WARN__DUPLICATE_METHOD_MATCH = YES;
				COPY_PHASE_STRIP = NO;
				DEBUG_INFORMATION_FORMAT = dwarf;
				ENABLE_STRICT_OBJC_MSGSEND = YES;
				ENABLE_TESTABILITY = YES;
				GCC_C_LANGUAGE_STANDARD = gnu11;
				GCC_DYNAMIC_NO_PIC = NO;
				GCC_NO_COMMON_BLOCKS = YES;
				GCC_OPTIMIZATION_LEVEL = 0;
				GCC_PREPROCESSOR_DEFINITIONS = (
					"DEBUG=1",
					"$(inherited)",
				);
				GCC_WARN_64_TO_32_BIT_CONVERSION = YES;
				GCC_WARN_ABOUT_RETURN_TYPE = YES_ERROR;
				GCC_WARN_UNDECLARED_SELECTOR = YES;
				GCC_WARN_UNINITIALIZED_AUTOS = YES_AGGRESSIVE;
				GCC_WARN_UNUSED_FUNCTION = YES;
				GCC_WARN_UNUSED_VARIABLE = YES;
				IPHONEOS_DEPLOYMENT_TARGET = 15.5;
				MTL_ENABLE_DEBUG_INFO = INCLUDE_SOURCE;
				MTL_FAST_MATH = YES;
				ONLY_ACTIVE_ARCH = YES;
				SDKROOT = iphoneos;
				SWIFT_ACTIVE_COMPILATION_CONDITIONS = DEBUG;
				SWIFT_OPTIMIZATION_LEVEL = "-Onone";
			};
			name = Debug;
		};
		138B499C29068E43008295A1 /* Release */ = {
			isa = XCBuildConfiguration;
			buildSettings = {
				ALWAYS_SEARCH_USER_PATHS = NO;
				CLANG_ANALYZER_NONNULL = YES;
				CLANG_ANALYZER_NUMBER_OBJECT_CONVERSION = YES_AGGRESSIVE;
				CLANG_CXX_LANGUAGE_STANDARD = "gnu++17";
				CLANG_ENABLE_MODULES = YES;
				CLANG_ENABLE_OBJC_ARC = YES;
				CLANG_ENABLE_OBJC_WEAK = YES;
				CLANG_WARN_BLOCK_CAPTURE_AUTORELEASING = YES;
				CLANG_WARN_BOOL_CONVERSION = YES;
				CLANG_WARN_COMMA = YES;
				CLANG_WARN_CONSTANT_CONVERSION = YES;
				CLANG_WARN_DEPRECATED_OBJC_IMPLEMENTATIONS = YES;
				CLANG_WARN_DIRECT_OBJC_ISA_USAGE = YES_ERROR;
				CLANG_WARN_DOCUMENTATION_COMMENTS = YES;
				CLANG_WARN_EMPTY_BODY = YES;
				CLANG_WARN_ENUM_CONVERSION = YES;
				CLANG_WARN_INFINITE_RECURSION = YES;
				CLANG_WARN_INT_CONVERSION = YES;
				CLANG_WARN_NON_LITERAL_NULL_CONVERSION = YES;
				CLANG_WARN_OBJC_IMPLICIT_RETAIN_SELF = YES;
				CLANG_WARN_OBJC_LITERAL_CONVERSION = YES;
				CLANG_WARN_OBJC_ROOT_CLASS = YES_ERROR;
				CLANG_WARN_QUOTED_INCLUDE_IN_FRAMEWORK_HEADER = YES;
				CLANG_WARN_RANGE_LOOP_ANALYSIS = YES;
				CLANG_WARN_STRICT_PROTOTYPES = YES;
				CLANG_WARN_SUSPICIOUS_MOVE = YES;
				CLANG_WARN_UNGUARDED_AVAILABILITY = YES_AGGRESSIVE;
				CLANG_WARN_UNREACHABLE_CODE = YES;
				CLANG_WARN__DUPLICATE_METHOD_MATCH = YES;
				COPY_PHASE_STRIP = NO;
				DEBUG_INFORMATION_FORMAT = "dwarf-with-dsym";
				ENABLE_NS_ASSERTIONS = NO;
				ENABLE_STRICT_OBJC_MSGSEND = YES;
				GCC_C_LANGUAGE_STANDARD = gnu11;
				GCC_NO_COMMON_BLOCKS = YES;
				GCC_WARN_64_TO_32_BIT_CONVERSION = YES;
				GCC_WARN_ABOUT_RETURN_TYPE = YES_ERROR;
				GCC_WARN_UNDECLARED_SELECTOR = YES;
				GCC_WARN_UNINITIALIZED_AUTOS = YES_AGGRESSIVE;
				GCC_WARN_UNUSED_FUNCTION = YES;
				GCC_WARN_UNUSED_VARIABLE = YES;
				IPHONEOS_DEPLOYMENT_TARGET = 15.5;
				MTL_ENABLE_DEBUG_INFO = NO;
				MTL_FAST_MATH = YES;
				SDKROOT = iphoneos;
				SWIFT_COMPILATION_MODE = wholemodule;
				SWIFT_OPTIMIZATION_LEVEL = "-O";
				VALIDATE_PRODUCT = YES;
			};
			name = Release;
		};
		138B499E29068E43008295A1 /* Debug */ = {
			isa = XCBuildConfiguration;
			buildSettings = {
				ASSETCATALOG_COMPILER_APPICON_NAME = AppIcon;
				ASSETCATALOG_COMPILER_GLOBAL_ACCENT_COLOR_NAME = AccentColor;
				CLANG_ENABLE_MODULES = YES;
				CODE_SIGN_STYLE = Automatic;
				CURRENT_PROJECT_VERSION = 1;
				DEVELOPMENT_TEAM = 3Y4TPL53D2;
				GENERATE_INFOPLIST_FILE = YES;
				INFOPLIST_FILE = "Toast Catalog/Info.plist";
				INFOPLIST_KEY_UIApplicationSupportsIndirectInputEvents = YES;
				INFOPLIST_KEY_UILaunchStoryboardName = LaunchScreen;
				INFOPLIST_KEY_UISupportedInterfaceOrientations_iPad = "UIInterfaceOrientationPortrait UIInterfaceOrientationPortraitUpsideDown UIInterfaceOrientationLandscapeLeft UIInterfaceOrientationLandscapeRight";
				INFOPLIST_KEY_UISupportedInterfaceOrientations_iPhone = "UIInterfaceOrientationPortrait UIInterfaceOrientationLandscapeLeft UIInterfaceOrientationLandscapeRight";
				LD_RUNPATH_SEARCH_PATHS = (
					"$(inherited)",
					"@executable_path/Frameworks",
				);
				MARKETING_VERSION = 1.0;
				PRODUCT_BUNDLE_IDENTIFIER = "com.sumup.Toast-Catalog";
				PRODUCT_NAME = "$(TARGET_NAME)";
				SWIFT_EMIT_LOC_STRINGS = YES;
				SWIFT_OPTIMIZATION_LEVEL = "-Onone";
				SWIFT_VERSION = 5.0;
				TARGETED_DEVICE_FAMILY = "1,2";
			};
			name = Debug;
		};
		138B499F29068E43008295A1 /* Release */ = {
			isa = XCBuildConfiguration;
			buildSettings = {
				ASSETCATALOG_COMPILER_APPICON_NAME = AppIcon;
				ASSETCATALOG_COMPILER_GLOBAL_ACCENT_COLOR_NAME = AccentColor;
				CLANG_ENABLE_MODULES = YES;
				CODE_SIGN_STYLE = Automatic;
				CURRENT_PROJECT_VERSION = 1;
				DEVELOPMENT_TEAM = 3Y4TPL53D2;
				GENERATE_INFOPLIST_FILE = YES;
				INFOPLIST_FILE = "Toast Catalog/Info.plist";
				INFOPLIST_KEY_UIApplicationSupportsIndirectInputEvents = YES;
				INFOPLIST_KEY_UILaunchStoryboardName = LaunchScreen;
				INFOPLIST_KEY_UISupportedInterfaceOrientations_iPad = "UIInterfaceOrientationPortrait UIInterfaceOrientationPortraitUpsideDown UIInterfaceOrientationLandscapeLeft UIInterfaceOrientationLandscapeRight";
				INFOPLIST_KEY_UISupportedInterfaceOrientations_iPhone = "UIInterfaceOrientationPortrait UIInterfaceOrientationLandscapeLeft UIInterfaceOrientationLandscapeRight";
				LD_RUNPATH_SEARCH_PATHS = (
					"$(inherited)",
					"@executable_path/Frameworks",
				);
				MARKETING_VERSION = 1.0;
				PRODUCT_BUNDLE_IDENTIFIER = "com.sumup.Toast-Catalog";
				PRODUCT_NAME = "$(TARGET_NAME)";
				SWIFT_EMIT_LOC_STRINGS = YES;
				SWIFT_VERSION = 5.0;
				TARGETED_DEVICE_FAMILY = "1,2";
			};
			name = Release;
		};
		138B49A129068E43008295A1 /* Debug */ = {
			isa = XCBuildConfiguration;
			buildSettings = {
				ALWAYS_EMBED_SWIFT_STANDARD_LIBRARIES = YES;
				BUNDLE_LOADER = "$(TEST_HOST)";
				CLANG_ENABLE_MODULES = YES;
				CODE_SIGN_STYLE = Automatic;
				CURRENT_PROJECT_VERSION = 1;
				DEVELOPMENT_TEAM = 3Y4TPL53D2;
				GENERATE_INFOPLIST_FILE = YES;
				IPHONEOS_DEPLOYMENT_TARGET = 15.5;
				LD_RUNPATH_SEARCH_PATHS = (
					"$(inherited)",
					"@executable_path/Frameworks",
					"@loader_path/Frameworks",
				);
				MARKETING_VERSION = 1.0;
				PRODUCT_BUNDLE_IDENTIFIER = "com.sumup.Toast-CatalogTests";
				PRODUCT_NAME = "$(TARGET_NAME)";
				SWIFT_EMIT_LOC_STRINGS = NO;
				SWIFT_OPTIMIZATION_LEVEL = "-Onone";
				SWIFT_VERSION = 5.0;
				TARGETED_DEVICE_FAMILY = "1,2";
				TEST_HOST = "$(BUILT_PRODUCTS_DIR)/Toast Catalog.app/Toast Catalog";
			};
			name = Debug;
		};
		138B49A229068E43008295A1 /* Release */ = {
			isa = XCBuildConfiguration;
			buildSettings = {
				ALWAYS_EMBED_SWIFT_STANDARD_LIBRARIES = YES;
				BUNDLE_LOADER = "$(TEST_HOST)";
				CLANG_ENABLE_MODULES = YES;
				CODE_SIGN_STYLE = Automatic;
				CURRENT_PROJECT_VERSION = 1;
				DEVELOPMENT_TEAM = 3Y4TPL53D2;
				GENERATE_INFOPLIST_FILE = YES;
				IPHONEOS_DEPLOYMENT_TARGET = 15.5;
				LD_RUNPATH_SEARCH_PATHS = (
					"$(inherited)",
					"@executable_path/Frameworks",
					"@loader_path/Frameworks",
				);
				MARKETING_VERSION = 1.0;
				PRODUCT_BUNDLE_IDENTIFIER = "com.sumup.Toast-CatalogTests";
				PRODUCT_NAME = "$(TARGET_NAME)";
				SWIFT_EMIT_LOC_STRINGS = NO;
				SWIFT_VERSION = 5.0;
				TARGETED_DEVICE_FAMILY = "1,2";
				TEST_HOST = "$(BUILT_PRODUCTS_DIR)/Toast Catalog.app/Toast Catalog";
			};
			name = Release;
		};
		138B49A429068E43008295A1 /* Debug */ = {
			isa = XCBuildConfiguration;
			buildSettings = {
				ALWAYS_EMBED_SWIFT_STANDARD_LIBRARIES = YES;
				CODE_SIGN_STYLE = Automatic;
				CURRENT_PROJECT_VERSION = 1;
				DEVELOPMENT_TEAM = 3Y4TPL53D2;
				GENERATE_INFOPLIST_FILE = YES;
				MARKETING_VERSION = 1.0;
				PRODUCT_BUNDLE_IDENTIFIER = "com.sumup.Toast-CatalogUITests";
				PRODUCT_NAME = "$(TARGET_NAME)";
				SWIFT_EMIT_LOC_STRINGS = NO;
				SWIFT_VERSION = 5.0;
				TARGETED_DEVICE_FAMILY = "1,2";
				TEST_TARGET_NAME = "Toast Catalog";
			};
			name = Debug;
		};
		138B49A529068E43008295A1 /* Release */ = {
			isa = XCBuildConfiguration;
			buildSettings = {
				ALWAYS_EMBED_SWIFT_STANDARD_LIBRARIES = YES;
				CODE_SIGN_STYLE = Automatic;
				CURRENT_PROJECT_VERSION = 1;
				DEVELOPMENT_TEAM = 3Y4TPL53D2;
				GENERATE_INFOPLIST_FILE = YES;
				MARKETING_VERSION = 1.0;
				PRODUCT_BUNDLE_IDENTIFIER = "com.sumup.Toast-CatalogUITests";
				PRODUCT_NAME = "$(TARGET_NAME)";
				SWIFT_EMIT_LOC_STRINGS = NO;
				SWIFT_VERSION = 5.0;
				TARGETED_DEVICE_FAMILY = "1,2";
				TEST_TARGET_NAME = "Toast Catalog";
			};
			name = Release;
		};
/* End XCBuildConfiguration section */

/* Begin XCConfigurationList section */
		138B496E29068E41008295A1 /* Build configuration list for PBXProject "Toast Catalog" */ = {
			isa = XCConfigurationList;
			buildConfigurations = (
				138B499B29068E43008295A1 /* Debug */,
				138B499C29068E43008295A1 /* Release */,
			);
			defaultConfigurationIsVisible = 0;
			defaultConfigurationName = Release;
		};
		138B499D29068E43008295A1 /* Build configuration list for PBXNativeTarget "Toast Catalog" */ = {
			isa = XCConfigurationList;
			buildConfigurations = (
				138B499E29068E43008295A1 /* Debug */,
				138B499F29068E43008295A1 /* Release */,
			);
			defaultConfigurationIsVisible = 0;
			defaultConfigurationName = Release;
		};
		138B49A029068E43008295A1 /* Build configuration list for PBXNativeTarget "Toast CatalogTests" */ = {
			isa = XCConfigurationList;
			buildConfigurations = (
				138B49A129068E43008295A1 /* Debug */,
				138B49A229068E43008295A1 /* Release */,
			);
			defaultConfigurationIsVisible = 0;
			defaultConfigurationName = Release;
		};
		138B49A329068E43008295A1 /* Build configuration list for PBXNativeTarget "Toast CatalogUITests" */ = {
			isa = XCConfigurationList;
			buildConfigurations = (
				138B49A429068E43008295A1 /* Debug */,
				138B49A529068E43008295A1 /* Release */,
			);
			defaultConfigurationIsVisible = 0;
			defaultConfigurationName = Release;
		};
/* End XCConfigurationList section */
	};
	rootObject = 138B496B29068E41008295A1 /* Project object */;
}
